// !$*UTF8*$!
{
	archiveVersion = 1;
	classes = {
	};
	objectVersion = 55;
	objects = {

/* Begin PBXBuildFile section */
		546FA94B28C2159F007C0984 /* EmailView.swift in Sources */ = {isa = PBXBuildFile; fileRef = 546FA94A28C2159F007C0984 /* EmailView.swift */; };
		546FA94D28C215AD007C0984 /* EmailView.xib in Resources */ = {isa = PBXBuildFile; fileRef = 546FA94C28C215AD007C0984 /* EmailView.xib */; };
		546FA94F28C32962007C0984 /* ViewController2.swift in Sources */ = {isa = PBXBuildFile; fileRef = 546FA94E28C32962007C0984 /* ViewController2.swift */; };
		546FA9A428C37C6E007C0984 /* Model.swift in Sources */ = {isa = PBXBuildFile; fileRef = 546FA9A228C37C49007C0984 /* Model.swift */; };
		546FA9A628C37DB0007C0984 /* simple.json in Resources */ = {isa = PBXBuildFile; fileRef = 546FA9A528C37DB0007C0984 /* simple.json */; };
		54D3CBBF28BCA69D00F147D9 /* AppDelegate.swift in Sources */ = {isa = PBXBuildFile; fileRef = 54D3CBBE28BCA69D00F147D9 /* AppDelegate.swift */; };
		54D3CBC128BCA69D00F147D9 /* SceneDelegate.swift in Sources */ = {isa = PBXBuildFile; fileRef = 54D3CBC028BCA69D00F147D9 /* SceneDelegate.swift */; };
		54D3CBC328BCA69D00F147D9 /* ViewController.swift in Sources */ = {isa = PBXBuildFile; fileRef = 54D3CBC228BCA69D00F147D9 /* ViewController.swift */; };
		54D3CBC628BCA69D00F147D9 /* Main.storyboard in Resources */ = {isa = PBXBuildFile; fileRef = 54D3CBC428BCA69D00F147D9 /* Main.storyboard */; };
		54D3CBC828BCA69F00F147D9 /* Assets.xcassets in Resources */ = {isa = PBXBuildFile; fileRef = 54D3CBC728BCA69F00F147D9 /* Assets.xcassets */; };
		54D3CBCB28BCA69F00F147D9 /* LaunchScreen.storyboard in Resources */ = {isa = PBXBuildFile; fileRef = 54D3CBC928BCA69F00F147D9 /* LaunchScreen.storyboard */; };
		54D3CBD628BCA6A000F147D9 /* TabBarSelectionTests.swift in Sources */ = {isa = PBXBuildFile; fileRef = 54D3CBD528BCA6A000F147D9 /* TabBarSelectionTests.swift */; };
		54D3CBE028BCA6A000F147D9 /* TabBarSelectionUITests.swift in Sources */ = {isa = PBXBuildFile; fileRef = 54D3CBDF28BCA6A000F147D9 /* TabBarSelectionUITests.swift */; };
		54D3CBE228BCA6A000F147D9 /* TabBarSelectionUITestsLaunchTests.swift in Sources */ = {isa = PBXBuildFile; fileRef = 54D3CBE128BCA6A000F147D9 /* TabBarSelectionUITestsLaunchTests.swift */; };
		54D3CBF028BCA6B800F147D9 /* InventoryListView.xib in Resources */ = {isa = PBXBuildFile; fileRef = 54D3CBEE28BCA6B700F147D9 /* InventoryListView.xib */; };
		54D3CBF128BCA6B800F147D9 /* InventoryListView.swift in Sources */ = {isa = PBXBuildFile; fileRef = 54D3CBEF28BCA6B800F147D9 /* InventoryListView.swift */; };
		54D3CBF428BCCAA700F147D9 /* InventoryTableCell.swift in Sources */ = {isa = PBXBuildFile; fileRef = 54D3CBF228BCCAA700F147D9 /* InventoryTableCell.swift */; };
		54D3CBF528BCCAA700F147D9 /* InventoryTableCell.xib in Resources */ = {isa = PBXBuildFile; fileRef = 54D3CBF328BCCAA700F147D9 /* InventoryTableCell.xib */; };
		54D3CBF828BCCADE00F147D9 /* InventoryCollectionCell.swift in Sources */ = {isa = PBXBuildFile; fileRef = 54D3CBF628BCCADE00F147D9 /* InventoryCollectionCell.swift */; };
		54D3CBF928BCCADE00F147D9 /* InventoryCollectionCell.xib in Resources */ = {isa = PBXBuildFile; fileRef = 54D3CBF728BCCADE00F147D9 /* InventoryCollectionCell.xib */; };
		54D3CBFC28BCDB1E00F147D9 /* PhotosCollectionViewCell.swift in Sources */ = {isa = PBXBuildFile; fileRef = 54D3CBFA28BCDB1E00F147D9 /* PhotosCollectionViewCell.swift */; };
		54D3CBFD28BCDB1E00F147D9 /* PhotosCollectionViewCell.xib in Resources */ = {isa = PBXBuildFile; fileRef = 54D3CBFB28BCDB1E00F147D9 /* PhotosCollectionViewCell.xib */; };
		54D3CBFF28BCEBCA00F147D9 /* TabBarView.swift in Sources */ = {isa = PBXBuildFile; fileRef = 54D3CBFE28BCEBCA00F147D9 /* TabBarView.swift */; };
		54D3CC0128BCEBF900F147D9 /* TabBarView.xib in Resources */ = {isa = PBXBuildFile; fileRef = 54D3CC0028BCEBF900F147D9 /* TabBarView.xib */; };
		54D3CC0328BCF2F900F147D9 /* ViewController1.swift in Sources */ = {isa = PBXBuildFile; fileRef = 54D3CC0228BCF2F900F147D9 /* ViewController1.swift */; };
/* End PBXBuildFile section */

/* Begin PBXContainerItemProxy section */
		54D3CBD228BCA6A000F147D9 /* PBXContainerItemProxy */ = {
			isa = PBXContainerItemProxy;
			containerPortal = 54D3CBB328BCA69D00F147D9 /* Project object */;
			proxyType = 1;
			remoteGlobalIDString = 54D3CBBA28BCA69D00F147D9;
			remoteInfo = TabBarSelection;
		};
		54D3CBDC28BCA6A000F147D9 /* PBXContainerItemProxy */ = {
			isa = PBXContainerItemProxy;
			containerPortal = 54D3CBB328BCA69D00F147D9 /* Project object */;
			proxyType = 1;
			remoteGlobalIDString = 54D3CBBA28BCA69D00F147D9;
			remoteInfo = TabBarSelection;
		};
/* End PBXContainerItemProxy section */

/* Begin PBXFileReference section */
		546FA94A28C2159F007C0984 /* EmailView.swift */ = {isa = PBXFileReference; lastKnownFileType = sourcecode.swift; path = EmailView.swift; sourceTree = "<group>"; };
		546FA94C28C215AD007C0984 /* EmailView.xib */ = {isa = PBXFileReference; lastKnownFileType = file.xib; path = EmailView.xib; sourceTree = "<group>"; };
		546FA94E28C32962007C0984 /* ViewController2.swift */ = {isa = PBXFileReference; lastKnownFileType = sourcecode.swift; path = ViewController2.swift; sourceTree = "<group>"; };
		546FA9A228C37C49007C0984 /* Model.swift */ = {isa = PBXFileReference; fileEncoding = 4; lastKnownFileType = sourcecode.swift; path = Model.swift; sourceTree = "<group>"; };
		546FA9A528C37DB0007C0984 /* simple.json */ = {isa = PBXFileReference; fileEncoding = 4; lastKnownFileType = text.json; path = simple.json; sourceTree = "<group>"; };
		54D3CBBB28BCA69D00F147D9 /* TabBarSelection.app */ = {isa = PBXFileReference; explicitFileType = wrapper.application; includeInIndex = 0; path = TabBarSelection.app; sourceTree = BUILT_PRODUCTS_DIR; };
		54D3CBBE28BCA69D00F147D9 /* AppDelegate.swift */ = {isa = PBXFileReference; lastKnownFileType = sourcecode.swift; path = AppDelegate.swift; sourceTree = "<group>"; };
		54D3CBC028BCA69D00F147D9 /* SceneDelegate.swift */ = {isa = PBXFileReference; lastKnownFileType = sourcecode.swift; path = SceneDelegate.swift; sourceTree = "<group>"; };
		54D3CBC228BCA69D00F147D9 /* ViewController.swift */ = {isa = PBXFileReference; lastKnownFileType = sourcecode.swift; path = ViewController.swift; sourceTree = "<group>"; };
		54D3CBC528BCA69D00F147D9 /* Base */ = {isa = PBXFileReference; lastKnownFileType = file.storyboard; name = Base; path = Base.lproj/Main.storyboard; sourceTree = "<group>"; };
		54D3CBC728BCA69F00F147D9 /* Assets.xcassets */ = {isa = PBXFileReference; lastKnownFileType = folder.assetcatalog; path = Assets.xcassets; sourceTree = "<group>"; };
		54D3CBCA28BCA69F00F147D9 /* Base */ = {isa = PBXFileReference; lastKnownFileType = file.storyboard; name = Base; path = Base.lproj/LaunchScreen.storyboard; sourceTree = "<group>"; };
		54D3CBCC28BCA69F00F147D9 /* Info.plist */ = {isa = PBXFileReference; lastKnownFileType = text.plist.xml; path = Info.plist; sourceTree = "<group>"; };
		54D3CBD128BCA6A000F147D9 /* TabBarSelectionTests.xctest */ = {isa = PBXFileReference; explicitFileType = wrapper.cfbundle; includeInIndex = 0; path = TabBarSelectionTests.xctest; sourceTree = BUILT_PRODUCTS_DIR; };
		54D3CBD528BCA6A000F147D9 /* TabBarSelectionTests.swift */ = {isa = PBXFileReference; lastKnownFileType = sourcecode.swift; path = TabBarSelectionTests.swift; sourceTree = "<group>"; };
		54D3CBDB28BCA6A000F147D9 /* TabBarSelectionUITests.xctest */ = {isa = PBXFileReference; explicitFileType = wrapper.cfbundle; includeInIndex = 0; path = TabBarSelectionUITests.xctest; sourceTree = BUILT_PRODUCTS_DIR; };
		54D3CBDF28BCA6A000F147D9 /* TabBarSelectionUITests.swift */ = {isa = PBXFileReference; lastKnownFileType = sourcecode.swift; path = TabBarSelectionUITests.swift; sourceTree = "<group>"; };
		54D3CBE128BCA6A000F147D9 /* TabBarSelectionUITestsLaunchTests.swift */ = {isa = PBXFileReference; lastKnownFileType = sourcecode.swift; path = TabBarSelectionUITestsLaunchTests.swift; sourceTree = "<group>"; };
		54D3CBEE28BCA6B700F147D9 /* InventoryListView.xib */ = {isa = PBXFileReference; fileEncoding = 4; lastKnownFileType = file.xib; path = InventoryListView.xib; sourceTree = "<group>"; };
		54D3CBEF28BCA6B800F147D9 /* InventoryListView.swift */ = {isa = PBXFileReference; fileEncoding = 4; lastKnownFileType = sourcecode.swift; path = InventoryListView.swift; sourceTree = "<group>"; };
		54D3CBF228BCCAA700F147D9 /* InventoryTableCell.swift */ = {isa = PBXFileReference; fileEncoding = 4; lastKnownFileType = sourcecode.swift; path = InventoryTableCell.swift; sourceTree = "<group>"; };
		54D3CBF328BCCAA700F147D9 /* InventoryTableCell.xib */ = {isa = PBXFileReference; fileEncoding = 4; lastKnownFileType = file.xib; path = InventoryTableCell.xib; sourceTree = "<group>"; };
		54D3CBF628BCCADE00F147D9 /* InventoryCollectionCell.swift */ = {isa = PBXFileReference; fileEncoding = 4; lastKnownFileType = sourcecode.swift; path = InventoryCollectionCell.swift; sourceTree = "<group>"; };
		54D3CBF728BCCADE00F147D9 /* InventoryCollectionCell.xib */ = {isa = PBXFileReference; fileEncoding = 4; lastKnownFileType = file.xib; path = InventoryCollectionCell.xib; sourceTree = "<group>"; };
		54D3CBFA28BCDB1E00F147D9 /* PhotosCollectionViewCell.swift */ = {isa = PBXFileReference; lastKnownFileType = sourcecode.swift; path = PhotosCollectionViewCell.swift; sourceTree = "<group>"; };
		54D3CBFB28BCDB1E00F147D9 /* PhotosCollectionViewCell.xib */ = {isa = PBXFileReference; lastKnownFileType = file.xib; path = PhotosCollectionViewCell.xib; sourceTree = "<group>"; };
		54D3CBFE28BCEBCA00F147D9 /* TabBarView.swift */ = {isa = PBXFileReference; lastKnownFileType = sourcecode.swift; path = TabBarView.swift; sourceTree = "<group>"; };
		54D3CC0028BCEBF900F147D9 /* TabBarView.xib */ = {isa = PBXFileReference; lastKnownFileType = file.xib; path = TabBarView.xib; sourceTree = "<group>"; };
		54D3CC0228BCF2F900F147D9 /* ViewController1.swift */ = {isa = PBXFileReference; lastKnownFileType = sourcecode.swift; path = ViewController1.swift; sourceTree = "<group>"; };
/* End PBXFileReference section */

/* Begin PBXFrameworksBuildPhase section */
		54D3CBB828BCA69D00F147D9 /* Frameworks */ = {
			isa = PBXFrameworksBuildPhase;
			buildActionMask = 2147483647;
			files = (
			);
			runOnlyForDeploymentPostprocessing = 0;
		};
		54D3CBCE28BCA6A000F147D9 /* Frameworks */ = {
			isa = PBXFrameworksBuildPhase;
			buildActionMask = 2147483647;
			files = (
			);
			runOnlyForDeploymentPostprocessing = 0;
		};
		54D3CBD828BCA6A000F147D9 /* Frameworks */ = {
			isa = PBXFrameworksBuildPhase;
			buildActionMask = 2147483647;
			files = (
			);
			runOnlyForDeploymentPostprocessing = 0;
		};
/* End PBXFrameworksBuildPhase section */

/* Begin PBXGroup section */
		54D3CBB228BCA69D00F147D9 = {
			isa = PBXGroup;
			children = (
				54D3CBBD28BCA69D00F147D9 /* TabBarSelection */,
				54D3CBD428BCA6A000F147D9 /* TabBarSelectionTests */,
				54D3CBDE28BCA6A000F147D9 /* TabBarSelectionUITests */,
				54D3CBBC28BCA69D00F147D9 /* Products */,
			);
			sourceTree = "<group>";
		};
		54D3CBBC28BCA69D00F147D9 /* Products */ = {
			isa = PBXGroup;
			children = (
				54D3CBBB28BCA69D00F147D9 /* TabBarSelection.app */,
				54D3CBD128BCA6A000F147D9 /* TabBarSelectionTests.xctest */,
				54D3CBDB28BCA6A000F147D9 /* TabBarSelectionUITests.xctest */,
			);
			name = Products;
			sourceTree = "<group>";
		};
		54D3CBBD28BCA69D00F147D9 /* TabBarSelection */ = {
			isa = PBXGroup;
			children = (
				54D3CBBE28BCA69D00F147D9 /* AppDelegate.swift */,
				54D3CBC028BCA69D00F147D9 /* SceneDelegate.swift */,
				54D3CBC228BCA69D00F147D9 /* ViewController.swift */,
				546FA9A528C37DB0007C0984 /* simple.json */,
				54D3CC0228BCF2F900F147D9 /* ViewController1.swift */,
				546FA94E28C32962007C0984 /* ViewController2.swift */,
				546FA9A228C37C49007C0984 /* Model.swift */,
				54D3CBF628BCCADE00F147D9 /* InventoryCollectionCell.swift */,
				54D3CBF728BCCADE00F147D9 /* InventoryCollectionCell.xib */,
				54D3CBF228BCCAA700F147D9 /* InventoryTableCell.swift */,
				54D3CBF328BCCAA700F147D9 /* InventoryTableCell.xib */,
				54D3CBEF28BCA6B800F147D9 /* InventoryListView.swift */,
				54D3CBEE28BCA6B700F147D9 /* InventoryListView.xib */,
				54D3CBFA28BCDB1E00F147D9 /* PhotosCollectionViewCell.swift */,
				54D3CBFB28BCDB1E00F147D9 /* PhotosCollectionViewCell.xib */,
				54D3CBC428BCA69D00F147D9 /* Main.storyboard */,
				54D3CBC728BCA69F00F147D9 /* Assets.xcassets */,
				54D3CBC928BCA69F00F147D9 /* LaunchScreen.storyboard */,
				54D3CBCC28BCA69F00F147D9 /* Info.plist */,
				546FA94A28C2159F007C0984 /* EmailView.swift */,
				546FA94C28C215AD007C0984 /* EmailView.xib */,
				54D3CBFE28BCEBCA00F147D9 /* TabBarView.swift */,
				54D3CC0028BCEBF900F147D9 /* TabBarView.xib */,
			);
			path = TabBarSelection;
			sourceTree = "<group>";
		};
		54D3CBD428BCA6A000F147D9 /* TabBarSelectionTests */ = {
			isa = PBXGroup;
			children = (
				54D3CBD528BCA6A000F147D9 /* TabBarSelectionTests.swift */,
			);
			path = TabBarSelectionTests;
			sourceTree = "<group>";
		};
		54D3CBDE28BCA6A000F147D9 /* TabBarSelectionUITests */ = {
			isa = PBXGroup;
			children = (
				54D3CBDF28BCA6A000F147D9 /* TabBarSelectionUITests.swift */,
				54D3CBE128BCA6A000F147D9 /* TabBarSelectionUITestsLaunchTests.swift */,
			);
			path = TabBarSelectionUITests;
			sourceTree = "<group>";
		};
/* End PBXGroup section */

/* Begin PBXNativeTarget section */
		54D3CBBA28BCA69D00F147D9 /* TabBarSelection */ = {
			isa = PBXNativeTarget;
			buildConfigurationList = 54D3CBE528BCA6A000F147D9 /* Build configuration list for PBXNativeTarget "TabBarSelection" */;
			buildPhases = (
				54D3CBB728BCA69D00F147D9 /* Sources */,
				54D3CBB828BCA69D00F147D9 /* Frameworks */,
				54D3CBB928BCA69D00F147D9 /* Resources */,
			);
			buildRules = (
			);
			dependencies = (
			);
			name = TabBarSelection;
			productName = TabBarSelection;
			productReference = 54D3CBBB28BCA69D00F147D9 /* TabBarSelection.app */;
			productType = "com.apple.product-type.application";
		};
		54D3CBD028BCA6A000F147D9 /* TabBarSelectionTests */ = {
			isa = PBXNativeTarget;
			buildConfigurationList = 54D3CBE828BCA6A000F147D9 /* Build configuration list for PBXNativeTarget "TabBarSelectionTests" */;
			buildPhases = (
				54D3CBCD28BCA6A000F147D9 /* Sources */,
				54D3CBCE28BCA6A000F147D9 /* Frameworks */,
				54D3CBCF28BCA6A000F147D9 /* Resources */,
			);
			buildRules = (
			);
			dependencies = (
				54D3CBD328BCA6A000F147D9 /* PBXTargetDependency */,
			);
			name = TabBarSelectionTests;
			productName = TabBarSelectionTests;
			productReference = 54D3CBD128BCA6A000F147D9 /* TabBarSelectionTests.xctest */;
			productType = "com.apple.product-type.bundle.unit-test";
		};
		54D3CBDA28BCA6A000F147D9 /* TabBarSelectionUITests */ = {
			isa = PBXNativeTarget;
			buildConfigurationList = 54D3CBEB28BCA6A000F147D9 /* Build configuration list for PBXNativeTarget "TabBarSelectionUITests" */;
			buildPhases = (
				54D3CBD728BCA6A000F147D9 /* Sources */,
				54D3CBD828BCA6A000F147D9 /* Frameworks */,
				54D3CBD928BCA6A000F147D9 /* Resources */,
			);
			buildRules = (
			);
			dependencies = (
				54D3CBDD28BCA6A000F147D9 /* PBXTargetDependency */,
			);
			name = TabBarSelectionUITests;
			productName = TabBarSelectionUITests;
			productReference = 54D3CBDB28BCA6A000F147D9 /* TabBarSelectionUITests.xctest */;
			productType = "com.apple.product-type.bundle.ui-testing";
		};
/* End PBXNativeTarget section */

/* Begin PBXProject section */
		54D3CBB328BCA69D00F147D9 /* Project object */ = {
			isa = PBXProject;
			attributes = {
				BuildIndependentTargetsInParallel = 1;
				LastSwiftUpdateCheck = 1320;
				LastUpgradeCheck = 1320;
				TargetAttributes = {
					54D3CBBA28BCA69D00F147D9 = {
						CreatedOnToolsVersion = 13.2.1;
					};
					54D3CBD028BCA6A000F147D9 = {
						CreatedOnToolsVersion = 13.2.1;
						TestTargetID = 54D3CBBA28BCA69D00F147D9;
					};
					54D3CBDA28BCA6A000F147D9 = {
						CreatedOnToolsVersion = 13.2.1;
						TestTargetID = 54D3CBBA28BCA69D00F147D9;
					};
				};
			};
			buildConfigurationList = 54D3CBB628BCA69D00F147D9 /* Build configuration list for PBXProject "TabBarSelection" */;
			compatibilityVersion = "Xcode 13.0";
			developmentRegion = en;
			hasScannedForEncodings = 0;
			knownRegions = (
				en,
				Base,
			);
			mainGroup = 54D3CBB228BCA69D00F147D9;
			productRefGroup = 54D3CBBC28BCA69D00F147D9 /* Products */;
			projectDirPath = "";
			projectRoot = "";
			targets = (
				54D3CBBA28BCA69D00F147D9 /* TabBarSelection */,
				54D3CBD028BCA6A000F147D9 /* TabBarSelectionTests */,
				54D3CBDA28BCA6A000F147D9 /* TabBarSelectionUITests */,
			);
		};
/* End PBXProject section */

/* Begin PBXResourcesBuildPhase section */
		54D3CBB928BCA69D00F147D9 /* Resources */ = {
			isa = PBXResourcesBuildPhase;
			buildActionMask = 2147483647;
			files = (
				546FA94D28C215AD007C0984 /* EmailView.xib in Resources */,
				54D3CBFD28BCDB1E00F147D9 /* PhotosCollectionViewCell.xib in Resources */,
				54D3CBF928BCCADE00F147D9 /* InventoryCollectionCell.xib in Resources */,
				54D3CBCB28BCA69F00F147D9 /* LaunchScreen.storyboard in Resources */,
				54D3CBC828BCA69F00F147D9 /* Assets.xcassets in Resources */,
				54D3CBF528BCCAA700F147D9 /* InventoryTableCell.xib in Resources */,
				54D3CBC628BCA69D00F147D9 /* Main.storyboard in Resources */,
				54D3CC0128BCEBF900F147D9 /* TabBarView.xib in Resources */,
				54D3CBF028BCA6B800F147D9 /* InventoryListView.xib in Resources */,
				546FA9A628C37DB0007C0984 /* simple.json in Resources */,
			);
			runOnlyForDeploymentPostprocessing = 0;
		};
		54D3CBCF28BCA6A000F147D9 /* Resources */ = {
			isa = PBXResourcesBuildPhase;
			buildActionMask = 2147483647;
			files = (
			);
			runOnlyForDeploymentPostprocessing = 0;
		};
		54D3CBD928BCA6A000F147D9 /* Resources */ = {
			isa = PBXResourcesBuildPhase;
			buildActionMask = 2147483647;
			files = (
			);
			runOnlyForDeploymentPostprocessing = 0;
		};
/* End PBXResourcesBuildPhase section */

/* Begin PBXSourcesBuildPhase section */
		54D3CBB728BCA69D00F147D9 /* Sources */ = {
			isa = PBXSourcesBuildPhase;
			buildActionMask = 2147483647;
			files = (
				54D3CC0328BCF2F900F147D9 /* ViewController1.swift in Sources */,
				54D3CBC328BCA69D00F147D9 /* ViewController.swift in Sources */,
				54D3CBFC28BCDB1E00F147D9 /* PhotosCollectionViewCell.swift in Sources */,
				546FA9A428C37C6E007C0984 /* Model.swift in Sources */,
				54D3CBFF28BCEBCA00F147D9 /* TabBarView.swift in Sources */,
				546FA94F28C32962007C0984 /* ViewController2.swift in Sources */,
				54D3CBF428BCCAA700F147D9 /* InventoryTableCell.swift in Sources */,
				54D3CBBF28BCA69D00F147D9 /* AppDelegate.swift in Sources */,
				54D3CBC128BCA69D00F147D9 /* SceneDelegate.swift in Sources */,
				54D3CBF828BCCADE00F147D9 /* InventoryCollectionCell.swift in Sources */,
				54D3CBF128BCA6B800F147D9 /* InventoryListView.swift in Sources */,
				546FA94B28C2159F007C0984 /* EmailView.swift in Sources */,
			);
			runOnlyForDeploymentPostprocessing = 0;
		};
		54D3CBCD28BCA6A000F147D9 /* Sources */ = {
			isa = PBXSourcesBuildPhase;
			buildActionMask = 2147483647;
			files = (
				54D3CBD628BCA6A000F147D9 /* TabBarSelectionTests.swift in Sources */,
			);
			runOnlyForDeploymentPostprocessing = 0;
		};
		54D3CBD728BCA6A000F147D9 /* Sources */ = {
			isa = PBXSourcesBuildPhase;
			buildActionMask = 2147483647;
			files = (
				54D3CBE028BCA6A000F147D9 /* TabBarSelectionUITests.swift in Sources */,
				54D3CBE228BCA6A000F147D9 /* TabBarSelectionUITestsLaunchTests.swift in Sources */,
			);
			runOnlyForDeploymentPostprocessing = 0;
		};
/* End PBXSourcesBuildPhase section */

/* Begin PBXTargetDependency section */
		54D3CBD328BCA6A000F147D9 /* PBXTargetDependency */ = {
			isa = PBXTargetDependency;
			target = 54D3CBBA28BCA69D00F147D9 /* TabBarSelection */;
			targetProxy = 54D3CBD228BCA6A000F147D9 /* PBXContainerItemProxy */;
		};
		54D3CBDD28BCA6A000F147D9 /* PBXTargetDependency */ = {
			isa = PBXTargetDependency;
			target = 54D3CBBA28BCA69D00F147D9 /* TabBarSelection */;
			targetProxy = 54D3CBDC28BCA6A000F147D9 /* PBXContainerItemProxy */;
		};
/* End PBXTargetDependency section */

/* Begin PBXVariantGroup section */
		54D3CBC428BCA69D00F147D9 /* Main.storyboard */ = {
			isa = PBXVariantGroup;
			children = (
				54D3CBC528BCA69D00F147D9 /* Base */,
			);
			name = Main.storyboard;
			sourceTree = "<group>";
		};
		54D3CBC928BCA69F00F147D9 /* LaunchScreen.storyboard */ = {
			isa = PBXVariantGroup;
			children = (
				54D3CBCA28BCA69F00F147D9 /* Base */,
			);
			name = LaunchScreen.storyboard;
			sourceTree = "<group>";
		};
/* End PBXVariantGroup section */

/* Begin XCBuildConfiguration section */
		54D3CBE328BCA6A000F147D9 /* Debug */ = {
			isa = XCBuildConfiguration;
			buildSettings = {
				ALWAYS_SEARCH_USER_PATHS = NO;
				CLANG_ANALYZER_NONNULL = YES;
				CLANG_ANALYZER_NUMBER_OBJECT_CONVERSION = YES_AGGRESSIVE;
				CLANG_CXX_LANGUAGE_STANDARD = "gnu++17";
				CLANG_CXX_LIBRARY = "libc++";
				CLANG_ENABLE_MODULES = YES;
				CLANG_ENABLE_OBJC_ARC = YES;
				CLANG_ENABLE_OBJC_WEAK = YES;
				CLANG_WARN_BLOCK_CAPTURE_AUTORELEASING = YES;
				CLANG_WARN_BOOL_CONVERSION = YES;
				CLANG_WARN_COMMA = YES;
				CLANG_WARN_CONSTANT_CONVERSION = YES;
				CLANG_WARN_DEPRECATED_OBJC_IMPLEMENTATIONS = YES;
				CLANG_WARN_DIRECT_OBJC_ISA_USAGE = YES_ERROR;
				CLANG_WARN_DOCUMENTATION_COMMENTS = YES;
				CLANG_WARN_EMPTY_BODY = YES;
				CLANG_WARN_ENUM_CONVERSION = YES;
				CLANG_WARN_INFINITE_RECURSION = YES;
				CLANG_WARN_INT_CONVERSION = YES;
				CLANG_WARN_NON_LITERAL_NULL_CONVERSION = YES;
				CLANG_WARN_OBJC_IMPLICIT_RETAIN_SELF = YES;
				CLANG_WARN_OBJC_LITERAL_CONVERSION = YES;
				CLANG_WARN_OBJC_ROOT_CLASS = YES_ERROR;
				CLANG_WARN_QUOTED_INCLUDE_IN_FRAMEWORK_HEADER = YES;
				CLANG_WARN_RANGE_LOOP_ANALYSIS = YES;
				CLANG_WARN_STRICT_PROTOTYPES = YES;
				CLANG_WARN_SUSPICIOUS_MOVE = YES;
				CLANG_WARN_UNGUARDED_AVAILABILITY = YES_AGGRESSIVE;
				CLANG_WARN_UNREACHABLE_CODE = YES;
				CLANG_WARN__DUPLICATE_METHOD_MATCH = YES;
				COPY_PHASE_STRIP = NO;
				DEBUG_INFORMATION_FORMAT = dwarf;
				ENABLE_STRICT_OBJC_MSGSEND = YES;
				ENABLE_TESTABILITY = YES;
				GCC_C_LANGUAGE_STANDARD = gnu11;
				GCC_DYNAMIC_NO_PIC = NO;
				GCC_NO_COMMON_BLOCKS = YES;
				GCC_OPTIMIZATION_LEVEL = 0;
				GCC_PREPROCESSOR_DEFINITIONS = (
					"DEBUG=1",
					"$(inherited)",
				);
				GCC_WARN_64_TO_32_BIT_CONVERSION = YES;
				GCC_WARN_ABOUT_RETURN_TYPE = YES_ERROR;
				GCC_WARN_UNDECLARED_SELECTOR = YES;
				GCC_WARN_UNINITIALIZED_AUTOS = YES_AGGRESSIVE;
				GCC_WARN_UNUSED_FUNCTION = YES;
				GCC_WARN_UNUSED_VARIABLE = YES;
				IPHONEOS_DEPLOYMENT_TARGET = 15.2;
				MTL_ENABLE_DEBUG_INFO = INCLUDE_SOURCE;
				MTL_FAST_MATH = YES;
				ONLY_ACTIVE_ARCH = YES;
				SDKROOT = iphoneos;
				SWIFT_ACTIVE_COMPILATION_CONDITIONS = DEBUG;
				SWIFT_OPTIMIZATION_LEVEL = "-Onone";
			};
			name = Debug;
		};
		54D3CBE428BCA6A000F147D9 /* Release */ = {
			isa = XCBuildConfiguration;
			buildSettings = {
				ALWAYS_SEARCH_USER_PATHS = NO;
				CLANG_ANALYZER_NONNULL = YES;
				CLANG_ANALYZER_NUMBER_OBJECT_CONVERSION = YES_AGGRESSIVE;
				CLANG_CXX_LANGUAGE_STANDARD = "gnu++17";
				CLANG_CXX_LIBRARY = "libc++";
				CLANG_ENABLE_MODULES = YES;
				CLANG_ENABLE_OBJC_ARC = YES;
				CLANG_ENABLE_OBJC_WEAK = YES;
				CLANG_WARN_BLOCK_CAPTURE_AUTORELEASING = YES;
				CLANG_WARN_BOOL_CONVERSION = YES;
				CLANG_WARN_COMMA = YES;
				CLANG_WARN_CONSTANT_CONVERSION = YES;
				CLANG_WARN_DEPRECATED_OBJC_IMPLEMENTATIONS = YES;
				CLANG_WARN_DIRECT_OBJC_ISA_USAGE = YES_ERROR;
				CLANG_WARN_DOCUMENTATION_COMMENTS = YES;
				CLANG_WARN_EMPTY_BODY = YES;
				CLANG_WARN_ENUM_CONVERSION = YES;
				CLANG_WARN_INFINITE_RECURSION = YES;
				CLANG_WARN_INT_CONVERSION = YES;
				CLANG_WARN_NON_LITERAL_NULL_CONVERSION = YES;
				CLANG_WARN_OBJC_IMPLICIT_RETAIN_SELF = YES;
				CLANG_WARN_OBJC_LITERAL_CONVERSION = YES;
				CLANG_WARN_OBJC_ROOT_CLASS = YES_ERROR;
				CLANG_WARN_QUOTED_INCLUDE_IN_FRAMEWORK_HEADER = YES;
				CLANG_WARN_RANGE_LOOP_ANALYSIS = YES;
				CLANG_WARN_STRICT_PROTOTYPES = YES;
				CLANG_WARN_SUSPICIOUS_MOVE = YES;
				CLANG_WARN_UNGUARDED_AVAILABILITY = YES_AGGRESSIVE;
				CLANG_WARN_UNREACHABLE_CODE = YES;
				CLANG_WARN__DUPLICATE_METHOD_MATCH = YES;
				COPY_PHASE_STRIP = NO;
				DEBUG_INFORMATION_FORMAT = "dwarf-with-dsym";
				ENABLE_NS_ASSERTIONS = NO;
				ENABLE_STRICT_OBJC_MSGSEND = YES;
				GCC_C_LANGUAGE_STANDARD = gnu11;
				GCC_NO_COMMON_BLOCKS = YES;
				GCC_WARN_64_TO_32_BIT_CONVERSION = YES;
				GCC_WARN_ABOUT_RETURN_TYPE = YES_ERROR;
				GCC_WARN_UNDECLARED_SELECTOR = YES;
				GCC_WARN_UNINITIALIZED_AUTOS = YES_AGGRESSIVE;
				GCC_WARN_UNUSED_FUNCTION = YES;
				GCC_WARN_UNUSED_VARIABLE = YES;
				IPHONEOS_DEPLOYMENT_TARGET = 15.2;
				MTL_ENABLE_DEBUG_INFO = NO;
				MTL_FAST_MATH = YES;
				SDKROOT = iphoneos;
				SWIFT_COMPILATION_MODE = wholemodule;
				SWIFT_OPTIMIZATION_LEVEL = "-O";
				VALIDATE_PRODUCT = YES;
			};
			name = Release;
		};
		54D3CBE628BCA6A000F147D9 /* Debug */ = {
			isa = XCBuildConfiguration;
			buildSettings = {
				ASSETCATALOG_COMPILER_APPICON_NAME = AppIcon;
				ASSETCATALOG_COMPILER_GLOBAL_ACCENT_COLOR_NAME = AccentColor;
				CODE_SIGN_STYLE = Automatic;
				CURRENT_PROJECT_VERSION = 1;
				DEVELOPMENT_TEAM = ZUVDMQ99VU;
				GENERATE_INFOPLIST_FILE = YES;
				INFOPLIST_FILE = TabBarSelection/Info.plist;
				INFOPLIST_KEY_UIApplicationSupportsIndirectInputEvents = YES;
				INFOPLIST_KEY_UILaunchStoryboardName = LaunchScreen;
				INFOPLIST_KEY_UIMainStoryboardFile = Main;
				INFOPLIST_KEY_UISupportedInterfaceOrientations_iPad = "UIInterfaceOrientationPortrait UIInterfaceOrientationPortraitUpsideDown UIInterfaceOrientationLandscapeLeft UIInterfaceOrientationLandscapeRight";
				INFOPLIST_KEY_UISupportedInterfaceOrientations_iPhone = "UIInterfaceOrientationPortrait UIInterfaceOrientationLandscapeLeft UIInterfaceOrientationLandscapeRight";
				LD_RUNPATH_SEARCH_PATHS = (
					"$(inherited)",
					"@executable_path/Frameworks",
				);
				MARKETING_VERSION = 1.0;
				PRODUCT_BUNDLE_IDENTIFIER = com.simbesi.TabBarSelection;
				PRODUCT_NAME = "$(TARGET_NAME)";
				SWIFT_EMIT_LOC_STRINGS = YES;
				SWIFT_VERSION = 5.0;
				TARGETED_DEVICE_FAMILY = "1,2";
			};
			name = Debug;
		};
		54D3CBE728BCA6A000F147D9 /* Release */ = {
			isa = XCBuildConfiguration;
			buildSettings = {
				ASSETCATALOG_COMPILER_APPICON_NAME = AppIcon;
				ASSETCATALOG_COMPILER_GLOBAL_ACCENT_COLOR_NAME = AccentColor;
				CODE_SIGN_STYLE = Automatic;
				CURRENT_PROJECT_VERSION = 1;
				DEVELOPMENT_TEAM = ZUVDMQ99VU;
				GENERATE_INFOPLIST_FILE = YES;
				INFOPLIST_FILE = TabBarSelection/Info.plist;
				INFOPLIST_KEY_UIApplicationSupportsIndirectInputEvents = YES;
				INFOPLIST_KEY_UILaunchStoryboardName = LaunchScreen;
				INFOPLIST_KEY_UIMainStoryboardFile = Main;
				INFOPLIST_KEY_UISupportedInterfaceOrientations_iPad = "UIInterfaceOrientationPortrait UIInterfaceOrientationPortraitUpsideDown UIInterfaceOrientationLandscapeLeft UIInterfaceOrientationLandscapeRight";
				INFOPLIST_KEY_UISupportedInterfaceOrientations_iPhone = "UIInterfaceOrientationPortrait UIInterfaceOrientationLandscapeLeft UIInterfaceOrientationLandscapeRight";
				LD_RUNPATH_SEARCH_PATHS = (
					"$(inherited)",
					"@executable_path/Frameworks",
				);
				MARKETING_VERSION = 1.0;
				PRODUCT_BUNDLE_IDENTIFIER = com.simbesi.TabBarSelection;
				PRODUCT_NAME = "$(TARGET_NAME)";
				SWIFT_EMIT_LOC_STRINGS = YES;
				SWIFT_VERSION = 5.0;
				TARGETED_DEVICE_FAMILY = "1,2";
			};
			name = Release;
		};
		54D3CBE928BCA6A000F147D9 /* Debug */ = {
			isa = XCBuildConfiguration;
			buildSettings = {
				ALWAYS_EMBED_SWIFT_STANDARD_LIBRARIES = YES;
				BUNDLE_LOADER = "$(TEST_HOST)";
				CODE_SIGN_STYLE = Automatic;
				CURRENT_PROJECT_VERSION = 1;
				DEVELOPMENT_TEAM = ZUVDMQ99VU;
				GENERATE_INFOPLIST_FILE = YES;
				IPHONEOS_DEPLOYMENT_TARGET = 15.2;
				MARKETING_VERSION = 1.0;
				PRODUCT_BUNDLE_IDENTIFIER = com.simbesi.TabBarSelectionTests;
				PRODUCT_NAME = "$(TARGET_NAME)";
				SWIFT_EMIT_LOC_STRINGS = NO;
				SWIFT_VERSION = 5.0;
				TARGETED_DEVICE_FAMILY = "1,2";
				TEST_HOST = "$(BUILT_PRODUCTS_DIR)/TabBarSelection.app/TabBarSelection";
			};
			name = Debug;
		};
		54D3CBEA28BCA6A000F147D9 /* Release */ = {
			isa = XCBuildConfiguration;
			buildSettings = {
				ALWAYS_EMBED_SWIFT_STANDARD_LIBRARIES = YES;
				BUNDLE_LOADER = "$(TEST_HOST)";
				CODE_SIGN_STYLE = Automatic;
				CURRENT_PROJECT_VERSION = 1;
				DEVELOPMENT_TEAM = ZUVDMQ99VU;
				GENERATE_INFOPLIST_FILE = YES;
				IPHONEOS_DEPLOYMENT_TARGET = 15.2;
				MARKETING_VERSION = 1.0;
				PRODUCT_BUNDLE_IDENTIFIER = com.simbesi.TabBarSelectionTests;
				PRODUCT_NAME = "$(TARGET_NAME)";
				SWIFT_EMIT_LOC_STRINGS = NO;
				SWIFT_VERSION = 5.0;
				TARGETED_DEVICE_FAMILY = "1,2";
				TEST_HOST = "$(BUILT_PRODUCTS_DIR)/TabBarSelection.app/TabBarSelection";
			};
			name = Release;
		};
		54D3CBEC28BCA6A000F147D9 /* Debug */ = {
			isa = XCBuildConfiguration;
			buildSettings = {
				ALWAYS_EMBED_SWIFT_STANDARD_LIBRARIES = YES;
				CODE_SIGN_STYLE = Automatic;
				CURRENT_PROJECT_VERSION = 1;
				DEVELOPMENT_TEAM = ZUVDMQ99VU;
				GENERATE_INFOPLIST_FILE = YES;
				MARKETING_VERSION = 1.0;
				PRODUCT_BUNDLE_IDENTIFIER = com.simbesi.TabBarSelectionUITests;
				PRODUCT_NAME = "$(TARGET_NAME)";
				SWIFT_EMIT_LOC_STRINGS = NO;
				SWIFT_VERSION = 5.0;
				TARGETED_DEVICE_FAMILY = "1,2";
				TEST_TARGET_NAME = TabBarSelection;
			};
			name = Debug;
		};
		54D3CBED28BCA6A000F147D9 /* Release */ = {
			isa = XCBuildConfiguration;
			buildSettings = {
				ALWAYS_EMBED_SWIFT_STANDARD_LIBRARIES = YES;
				CODE_SIGN_STYLE = Automatic;
				CURRENT_PROJECT_VERSION = 1;
				DEVELOPMENT_TEAM = ZUVDMQ99VU;
				GENERATE_INFOPLIST_FILE = YES;
				MARKETING_VERSION = 1.0;
				PRODUCT_BUNDLE_IDENTIFIER = com.simbesi.TabBarSelectionUITests;
				PRODUCT_NAME = "$(TARGET_NAME)";
				SWIFT_EMIT_LOC_STRINGS = NO;
				SWIFT_VERSION = 5.0;
				TARGETED_DEVICE_FAMILY = "1,2";
				TEST_TARGET_NAME = TabBarSelection;
			};
			name = Release;
		};
/* End XCBuildConfiguration section */

/* Begin XCConfigurationList section */
		54D3CBB628BCA69D00F147D9 /* Build configuration list for PBXProject "TabBarSelection" */ = {
			isa = XCConfigurationList;
			buildConfigurations = (
				54D3CBE328BCA6A000F147D9 /* Debug */,
				54D3CBE428BCA6A000F147D9 /* Release */,
			);
			defaultConfigurationIsVisible = 0;
			defaultConfigurationName = Release;
		};
		54D3CBE528BCA6A000F147D9 /* Build configuration list for PBXNativeTarget "TabBarSelection" */ = {
			isa = XCConfigurationList;
			buildConfigurations = (
				54D3CBE628BCA6A000F147D9 /* Debug */,
				54D3CBE728BCA6A000F147D9 /* Release */,
			);
			defaultConfigurationIsVisible = 0;
			defaultConfigurationName = Release;
		};
		54D3CBE828BCA6A000F147D9 /* Build configuration list for PBXNativeTarget "TabBarSelectionTests" */ = {
			isa = XCConfigurationList;
			buildConfigurations = (
				54D3CBE928BCA6A000F147D9 /* Debug */,
				54D3CBEA28BCA6A000F147D9 /* Release */,
			);
			defaultConfigurationIsVisible = 0;
			defaultConfigurationName = Release;
		};
		54D3CBEB28BCA6A000F147D9 /* Build configuration list for PBXNativeTarget "TabBarSelectionUITests" */ = {
			isa = XCConfigurationList;
			buildConfigurations = (
				54D3CBEC28BCA6A000F147D9 /* Debug */,
				54D3CBED28BCA6A000F147D9 /* Release */,
			);
			defaultConfigurationIsVisible = 0;
			defaultConfigurationName = Release;
		};
/* End XCConfigurationList section */
	};
	rootObject = 54D3CBB328BCA69D00F147D9 /* Project object */;
}
